
Microsoft Visual Studio Solution File, Format Version 12.00
Project("{FAE04EC0-301F-11D3-BF4B-00C04F79EFBC}") = "Graph", "Graph\Graph.csproj", "{1748C6B0-6FF2-4682-8B91-E81AFC4DA98F}"
EndProject
Project("{FAE04EC0-301F-11D3-BF4B-00C04F79EFBC}") = "MinimumSpanningTree", "MinimumSpanningTree\MinimumSpanningTree.csproj", "{CFC861BF-7CCA-45C3-A370-3BF4CD3236BE}"
EndProject
Project("{FAE04EC0-301F-11D3-BF4B-00C04F79EFBC}") = "Array", "Array\Array.csproj", "{8F2AB4E1-70A7-4386-A1A9-25866F91E26F}"
EndProject
Project("{FAE04EC0-301F-11D3-BF4B-00C04F79EFBC}") = "StackAndQueues", "StackAndQueues\StackAndQueues.csproj", "{496C1458-7875-4896-BE5F-48315AA71307}"
EndProject
Project("{FAE04EC0-301F-11D3-BF4B-00C04F79EFBC}") = "LinkedList", "LinkedList\LinkedList.csproj", "{891E7CF1-E45A-4309-9B27-ADFFF37DD757}"
EndProject
Project("{FAE04EC0-301F-11D3-BF4B-00C04F79EFBC}") = "BST", "BST\BST.csproj", "{1EE299B5-B894-4453-92CD-6FA8BDA6FF78}"
EndProject
Project("{FAE04EC0-301F-11D3-BF4B-00C04F79EFBC}") = "SetAndMap", "SetAndMap\SetAndMap.csproj", "{FD8FA0A2-439B-4892-9BBD-5CE1B506BA08}"
EndProject
Project("{FAE04EC0-301F-11D3-BF4B-00C04F79EFBC}") = "HeapAndPriorityQueue", "HeapAndPriorityQueue\HeapAndPriorityQueue.csproj", "{A008D62C-5F99-417B-AE93-3547B4E18462}"
EndProject
Project("{FAE04EC0-301F-11D3-BF4B-00C04F79EFBC}") = "SegmentTree", "SegmentTree\SegmentTree.csproj", "{02EEC674-1E22-4910-9BE0-EB58E9B0E3C8}"
EndProject
Global
	GlobalSection(SolutionConfigurationPlatforms) = preSolution
		Debug|Any CPU = Debug|Any CPU
		Release|Any CPU = Release|Any CPU
	EndGlobalSection
	GlobalSection(ProjectConfigurationPlatforms) = postSolution
		{1748C6B0-6FF2-4682-8B91-E81AFC4DA98F}.Debug|Any CPU.ActiveCfg = Debug|Any CPU
		{1748C6B0-6FF2-4682-8B91-E81AFC4DA98F}.Debug|Any CPU.Build.0 = Debug|Any CPU
		{1748C6B0-6FF2-4682-8B91-E81AFC4DA98F}.Release|Any CPU.ActiveCfg = Release|Any CPU
		{1748C6B0-6FF2-4682-8B91-E81AFC4DA98F}.Release|Any CPU.Build.0 = Release|Any CPU
		{CFC861BF-7CCA-45C3-A370-3BF4CD3236BE}.Debug|Any CPU.ActiveCfg = Debug|Any CPU
		{CFC861BF-7CCA-45C3-A370-3BF4CD3236BE}.Debug|Any CPU.Build.0 = Debug|Any CPU
		{CFC861BF-7CCA-45C3-A370-3BF4CD3236BE}.Release|Any CPU.ActiveCfg = Release|Any CPU
		{CFC861BF-7CCA-45C3-A370-3BF4CD3236BE}.Release|Any CPU.Build.0 = Release|Any CPU
		{8F2AB4E1-70A7-4386-A1A9-25866F91E26F}.Debug|Any CPU.ActiveCfg = Debug|Any CPU
		{8F2AB4E1-70A7-4386-A1A9-25866F91E26F}.Debug|Any CPU.Build.0 = Debug|Any CPU
		{8F2AB4E1-70A7-4386-A1A9-25866F91E26F}.Release|Any CPU.ActiveCfg = Release|Any CPU
		{8F2AB4E1-70A7-4386-A1A9-25866F91E26F}.Release|Any CPU.Build.0 = Release|Any CPU
		{496C1458-7875-4896-BE5F-48315AA71307}.Debug|Any CPU.ActiveCfg = Debug|Any CPU
		{496C1458-7875-4896-BE5F-48315AA71307}.Debug|Any CPU.Build.0 = Debug|Any CPU
		{496C1458-7875-4896-BE5F-48315AA71307}.Release|Any CPU.ActiveCfg = Release|Any CPU
		{496C1458-7875-4896-BE5F-48315AA71307}.Release|Any CPU.Build.0 = Release|Any CPU
		{891E7CF1-E45A-4309-9B27-ADFFF37DD757}.Debug|Any CPU.ActiveCfg = Debug|Any CPU
		{891E7CF1-E45A-4309-9B27-ADFFF37DD757}.Debug|Any CPU.Build.0 = Debug|Any CPU
		{891E7CF1-E45A-4309-9B27-ADFFF37DD757}.Release|Any CPU.ActiveCfg = Release|Any CPU
		{891E7CF1-E45A-4309-9B27-ADFFF37DD757}.Release|Any CPU.Build.0 = Release|Any CPU
		{1EE299B5-B894-4453-92CD-6FA8BDA6FF78}.Debug|Any CPU.ActiveCfg = Debug|Any CPU
		{1EE299B5-B894-4453-92CD-6FA8BDA6FF78}.Debug|Any CPU.Build.0 = Debug|Any CPU
		{1EE299B5-B894-4453-92CD-6FA8BDA6FF78}.Release|Any CPU.ActiveCfg = Release|Any CPU
		{1EE299B5-B894-4453-92CD-6FA8BDA6FF78}.Release|Any CPU.Build.0 = Release|Any CPU
		{FD8FA0A2-439B-4892-9BBD-5CE1B506BA08}.Debug|Any CPU.ActiveCfg = Debug|Any CPU
		{FD8FA0A2-439B-4892-9BBD-5CE1B506BA08}.Debug|Any CPU.Build.0 = Debug|Any CPU
		{FD8FA0A2-439B-4892-9BBD-5CE1B506BA08}.Release|Any CPU.ActiveCfg = Release|Any CPU
		{FD8FA0A2-439B-4892-9BBD-5CE1B506BA08}.Release|Any CPU.Build.0 = Release|Any CPU
		{A008D62C-5F99-417B-AE93-3547B4E18462}.Debug|Any CPU.ActiveCfg = Debug|Any CPU
		{A008D62C-5F99-417B-AE93-3547B4E18462}.Debug|Any CPU.Build.0 = Debug|Any CPU
		{A008D62C-5F99-417B-AE93-3547B4E18462}.Release|Any CPU.ActiveCfg = Release|Any CPU
		{A008D62C-5F99-417B-AE93-3547B4E18462}.Release|Any CPU.Build.0 = Release|Any CPU
		{02EEC674-1E22-4910-9BE0-EB58E9B0E3C8}.Debug|Any CPU.ActiveCfg = Debug|Any CPU
		{02EEC674-1E22-4910-9BE0-EB58E9B0E3C8}.Debug|Any CPU.Build.0 = Debug|Any CPU
		{02EEC674-1E22-4910-9BE0-EB58E9B0E3C8}.Release|Any CPU.ActiveCfg = Release|Any CPU
		{02EEC674-1E22-4910-9BE0-EB58E9B0E3C8}.Release|Any CPU.Build.0 = Release|Any CPU
	EndGlobalSection
EndGlobal
